
Microsoft Visual Studio Solution File, Format Version 12.00
# Visual Studio 15
VisualStudioVersion = 15.0.26124.0
MinimumVisualStudioVersion = 15.0.26124.0
Project("{FAE04EC0-301F-11D3-BF4B-00C04F79EFBC}") = "HDBCLI", "HDBCLI\HDBCLI.csproj", "{A3BE31DC-1223-48BB-B987-8E0A8E160F6D}"
EndProject
Project("{FAE04EC0-301F-11D3-BF4B-00C04F79EFBC}") = "HDBPublic", "HDBPublic\HDBPublic.csproj", "{0027699B-5A0A-4286-985A-1B6EDCDDA9BE}"
EndProject
Global
	GlobalSection(SolutionProperties) = preSolution
		HideSolutionNode = FALSE
	EndGlobalSection
	GlobalSection(SolutionConfigurationPlatforms) = preSolution
		Debug|Any CPU = Debug|Any CPU
		Debug|x64 = Debug|x64
		Debug|x86 = Debug|x86
		Release|Any CPU = Release|Any CPU
		Release|x64 = Release|x64
		Release|x86 = Release|x86
	EndGlobalSection
	GlobalSection(ProjectConfigurationPlatforms) = postSolution
		{A3BE31DC-1223-48BB-B987-8E0A8E160F6D}.Debug|Any CPU.ActiveCfg = Debug|Any CPU
		{A3BE31DC-1223-48BB-B987-8E0A8E160F6D}.Debug|Any CPU.Build.0 = Debug|Any CPU
		{A3BE31DC-1223-48BB-B987-8E0A8E160F6D}.Debug|x64.ActiveCfg = Debug|Any CPU
		{A3BE31DC-1223-48BB-B987-8E0A8E160F6D}.Debug|x64.Build.0 = Debug|Any CPU
		{A3BE31DC-1223-48BB-B987-8E0A8E160F6D}.Debug|x86.ActiveCfg = Debug|Any CPU
		{A3BE31DC-1223-48BB-B987-8E0A8E160F6D}.Debug|x86.Build.0 = Debug|Any CPU
		{A3BE31DC-1223-48BB-B987-8E0A8E160F6D}.Release|Any CPU.ActiveCfg = Release|Any CPU
		{A3BE31DC-1223-48BB-B987-8E0A8E160F6D}.Release|Any CPU.Build.0 = Release|Any CPU
		{A3BE31DC-1223-48BB-B987-8E0A8E160F6D}.Release|x64.ActiveCfg = Release|Any CPU
		{A3BE31DC-1223-48BB-B987-8E0A8E160F6D}.Release|x64.Build.0 = Release|Any CPU
		{A3BE31DC-1223-48BB-B987-8E0A8E160F6D}.Release|x86.ActiveCfg = Release|Any CPU
		{A3BE31DC-1223-48BB-B987-8E0A8E160F6D}.Release|x86.Build.0 = Release|Any CPU
		{0027699B-5A0A-4286-985A-1B6EDCDDA9BE}.Debug|Any CPU.ActiveCfg = Debug|Any CPU
		{0027699B-5A0A-4286-985A-1B6EDCDDA9BE}.Debug|Any CPU.Build.0 = Debug|Any CPU
		{0027699B-5A0A-4286-985A-1B6EDCDDA9BE}.Debug|x64.ActiveCfg = Debug|Any CPU
		{0027699B-5A0A-4286-985A-1B6EDCDDA9BE}.Debug|x64.Build.0 = Debug|Any CPU
		{0027699B-5A0A-4286-985A-1B6EDCDDA9BE}.Debug|x86.ActiveCfg = Debug|Any CPU
		{0027699B-5A0A-4286-985A-1B6EDCDDA9BE}.Debug|x86.Build.0 = Debug|Any CPU
		{0027699B-5A0A-4286-985A-1B6EDCDDA9BE}.Release|Any CPU.ActiveCfg = Release|Any CPU
		{0027699B-5A0A-4286-985A-1B6EDCDDA9BE}.Release|Any CPU.Build.0 = Release|Any CPU
		{0027699B-5A0A-4286-985A-1B6EDCDDA9BE}.Release|x64.ActiveCfg = Release|Any CPU
		{0027699B-5A0A-4286-985A-1B6EDCDDA9BE}.Release|x64.Build.0 = Release|Any CPU
		{0027699B-5A0A-4286-985A-1B6EDCDDA9BE}.Release|x86.ActiveCfg = Release|Any CPU
		{0027699B-5A0A-4286-985A-1B6EDCDDA9BE}.Release|x86.Build.0 = Release|Any CPU
	EndGlobalSection
EndGlobal
